
Microsoft Visual Studio Solution File, Format Version 12.00
# Visual Studio Version 17
VisualStudioVersion = 17.0.32126.317
MinimumVisualStudioVersion = 10.0.40219.1
Project("{FAE04EC0-301F-11D3-BF4B-00C04F79EFBC}") = "Practica3", "Practica3\Practica3.csproj", "{2A6D44E2-4F81-401C-AD43-323DC340842F}"
EndProject
Global
	GlobalSection(SolutionConfigurationPlatforms) = preSolution
		Debug|Any CPU = Debug|Any CPU
		Release|Any CPU = Release|Any CPU
	EndGlobalSection
	GlobalSection(ProjectConfigurationPlatforms) = postSolution
		{2A6D44E2-4F81-401C-AD43-323DC340842F}.Debug|Any CPU.ActiveCfg = Debug|Any CPU
		{2A6D44E2-4F81-401C-AD43-323DC340842F}.Debug|Any CPU.Build.0 = Debug|Any CPU
		{2A6D44E2-4F81-401C-AD43-323DC340842F}.Release|Any CPU.ActiveCfg = Release|Any CPU
		{2A6D44E2-4F81-401C-AD43-323DC340842F}.Release|Any CPU.Build.0 = Release|Any CPU
	EndGlobalSection
	GlobalSection(SolutionProperties) = preSolution
		HideSolutionNode = FALSE
	EndGlobalSection
	GlobalSection(ExtensibilityGlobals) = postSolution
		SolutionGuid = {76754473-AE5E-446F-B316-F5860DC28347}
	EndGlobalSection
EndGlobal
